
Microsoft Visual Studio Solution File, Format Version 12.00
# Visual Studio Version 16
VisualStudioVersion = 16.0.29509.3
MinimumVisualStudioVersion = 10.0.40219.1
Project("{FAE04EC0-301F-11D3-BF4B-00C04F79EFBC}") = "WordTicket", "WordTicket\WordTicket.csproj", "{DA159091-529D-4824-8AB0-A8ED093A9763}"
EndProject
Global
	GlobalSection(SolutionConfigurationPlatforms) = preSolution
		Debug|Any CPU = Debug|Any CPU
		Release|Any CPU = Release|Any CPU
	EndGlobalSection
	GlobalSection(ProjectConfigurationPlatforms) = postSolution
		{DA159091-529D-4824-8AB0-A8ED093A9763}.Debug|Any CPU.ActiveCfg = Debug|Any CPU
		{DA159091-529D-4824-8AB0-A8ED093A9763}.Debug|Any CPU.Build.0 = Debug|Any CPU
		{DA159091-529D-4824-8AB0-A8ED093A9763}.Release|Any CPU.ActiveCfg = Release|Any CPU
		{DA159091-529D-4824-8AB0-A8ED093A9763}.Release|Any CPU.Build.0 = Release|Any CPU
	EndGlobalSection
	GlobalSection(SolutionProperties) = preSolution
		HideSolutionNode = FALSE
	EndGlobalSection
	GlobalSection(ExtensibilityGlobals) = postSolution
		SolutionGuid = {E2DBFA7C-1BBC-406F-86F8-65D701309390}
	EndGlobalSection
EndGlobal
